
Microsoft Visual Studio Solution File, Format Version 12.00
# Visual Studio Version 17
VisualStudioVersion = 17.6.33723.286
MinimumVisualStudioVersion = 10.0.40219.1
Project("{9A19103F-16F7-4668-BE54-9A1E7A4F7556}") = "SimpleWebAPI", "SimpleWebAPI\SimpleWebAPI.csproj", "{BC726786-FFD4-46EE-AA79-C072085D2A7F}"
EndProject
Project("{FAE04EC0-301F-11D3-BF4B-00C04F79EFBC}") = "SimpleWebClient", "SimpleWebClient\SimpleWebClient.csproj", "{CAA331DE-A2E5-4E88-A85A-C9197485D6B6}"
EndProject
Global
	GlobalSection(SolutionConfigurationPlatforms) = preSolution
		Debug|Any CPU = Debug|Any CPU
		Release|Any CPU = Release|Any CPU
	EndGlobalSection
	GlobalSection(ProjectConfigurationPlatforms) = postSolution
		{BC726786-FFD4-46EE-AA79-C072085D2A7F}.Debug|Any CPU.ActiveCfg = Debug|Any CPU
		{BC726786-FFD4-46EE-AA79-C072085D2A7F}.Debug|Any CPU.Build.0 = Debug|Any CPU
		{BC726786-FFD4-46EE-AA79-C072085D2A7F}.Release|Any CPU.ActiveCfg = Release|Any CPU
		{BC726786-FFD4-46EE-AA79-C072085D2A7F}.Release|Any CPU.Build.0 = Release|Any CPU
		{CAA331DE-A2E5-4E88-A85A-C9197485D6B6}.Debug|Any CPU.ActiveCfg = Debug|Any CPU
		{CAA331DE-A2E5-4E88-A85A-C9197485D6B6}.Debug|Any CPU.Build.0 = Debug|Any CPU
		{CAA331DE-A2E5-4E88-A85A-C9197485D6B6}.Release|Any CPU.ActiveCfg = Release|Any CPU
		{CAA331DE-A2E5-4E88-A85A-C9197485D6B6}.Release|Any CPU.Build.0 = Release|Any CPU
	EndGlobalSection
	GlobalSection(SolutionProperties) = preSolution
		HideSolutionNode = FALSE
	EndGlobalSection
	GlobalSection(ExtensibilityGlobals) = postSolution
		SolutionGuid = {C613FE36-F557-4BBA-B4F4-74A72B3FC82C}
	EndGlobalSection
EndGlobal
