
Microsoft Visual Studio Solution File, Format Version 12.00
# Visual Studio Version 17
VisualStudioVersion = 17.0.31912.275
MinimumVisualStudioVersion = 10.0.40219.1
Project("{FAE04EC0-301F-11D3-BF4B-00C04F79EFBC}") = "StudentDatabase", "StudentDatabase\StudentDatabase.csproj", "{A52F18E7-D4E5-42FB-A753-198B7783B272}"
EndProject
Project("{FAE04EC0-301F-11D3-BF4B-00C04F79EFBC}") = "DatabaseServer", "DatabaseServer\DatabaseServer.csproj", "{3DBE914C-0E56-40A9-8101-620C60835332}"
EndProject
Project("{FAE04EC0-301F-11D3-BF4B-00C04F79EFBC}") = "Client", "Client\Client.csproj", "{5D8001B4-FECC-4225-9600-0D826BB71C42}"
EndProject
Project("{FAE04EC0-301F-11D3-BF4B-00C04F79EFBC}") = "StudentBusinessTier", "StudentBusinessTier\StudentBusinessTier.csproj", "{854ED779-056D-4EEE-BCDD-AA7A8EEEFA87}"
EndProject
Project("{FAE04EC0-301F-11D3-BF4B-00C04F79EFBC}") = "AsyncClient", "AsyncClient\AsyncClient.csproj", "{9B90D2FA-401C-480B-AB62-44B7F6E42F68}"
EndProject
Global
	GlobalSection(SolutionConfigurationPlatforms) = preSolution
		Debug|Any CPU = Debug|Any CPU
		Release|Any CPU = Release|Any CPU
	EndGlobalSection
	GlobalSection(ProjectConfigurationPlatforms) = postSolution
		{A52F18E7-D4E5-42FB-A753-198B7783B272}.Debug|Any CPU.ActiveCfg = Debug|Any CPU
		{A52F18E7-D4E5-42FB-A753-198B7783B272}.Debug|Any CPU.Build.0 = Debug|Any CPU
		{A52F18E7-D4E5-42FB-A753-198B7783B272}.Release|Any CPU.ActiveCfg = Release|Any CPU
		{A52F18E7-D4E5-42FB-A753-198B7783B272}.Release|Any CPU.Build.0 = Release|Any CPU
		{3DBE914C-0E56-40A9-8101-620C60835332}.Debug|Any CPU.ActiveCfg = Debug|Any CPU
		{3DBE914C-0E56-40A9-8101-620C60835332}.Debug|Any CPU.Build.0 = Debug|Any CPU
		{3DBE914C-0E56-40A9-8101-620C60835332}.Release|Any CPU.ActiveCfg = Release|Any CPU
		{3DBE914C-0E56-40A9-8101-620C60835332}.Release|Any CPU.Build.0 = Release|Any CPU
		{5D8001B4-FECC-4225-9600-0D826BB71C42}.Debug|Any CPU.ActiveCfg = Debug|Any CPU
		{5D8001B4-FECC-4225-9600-0D826BB71C42}.Debug|Any CPU.Build.0 = Debug|Any CPU
		{5D8001B4-FECC-4225-9600-0D826BB71C42}.Release|Any CPU.ActiveCfg = Release|Any CPU
		{5D8001B4-FECC-4225-9600-0D826BB71C42}.Release|Any CPU.Build.0 = Release|Any CPU
		{854ED779-056D-4EEE-BCDD-AA7A8EEEFA87}.Debug|Any CPU.ActiveCfg = Debug|Any CPU
		{854ED779-056D-4EEE-BCDD-AA7A8EEEFA87}.Debug|Any CPU.Build.0 = Debug|Any CPU
		{854ED779-056D-4EEE-BCDD-AA7A8EEEFA87}.Release|Any CPU.ActiveCfg = Release|Any CPU
		{854ED779-056D-4EEE-BCDD-AA7A8EEEFA87}.Release|Any CPU.Build.0 = Release|Any CPU
		{9B90D2FA-401C-480B-AB62-44B7F6E42F68}.Debug|Any CPU.ActiveCfg = Debug|Any CPU
		{9B90D2FA-401C-480B-AB62-44B7F6E42F68}.Debug|Any CPU.Build.0 = Debug|Any CPU
		{9B90D2FA-401C-480B-AB62-44B7F6E42F68}.Release|Any CPU.ActiveCfg = Release|Any CPU
		{9B90D2FA-401C-480B-AB62-44B7F6E42F68}.Release|Any CPU.Build.0 = Release|Any CPU
	EndGlobalSection
	GlobalSection(SolutionProperties) = preSolution
		HideSolutionNode = FALSE
	EndGlobalSection
	GlobalSection(ExtensibilityGlobals) = postSolution
		SolutionGuid = {63A3944E-C497-42F5-AB71-6CD22937C1CC}
	EndGlobalSection
EndGlobal
